
Microsoft Visual Studio Solution File, Format Version 12.00
# Visual Studio 15
VisualStudioVersion = 15.0.27130.2027
MinimumVisualStudioVersion = 10.0.40219.1
Project("{9A19103F-16F7-4668-BE54-9A1E7A4F7556}") = "StoryTellerTemplate", "StoryTellerTemplate\StoryTellerTemplate\StoryTellerTemplate.csproj", "{EC53BC34-1746-465C-8898-F2D3EAAA96EB}"
EndProject
Project("{FAE04EC0-301F-11D3-BF4B-00C04F79EFBC}") = "StoryTellerTemplate.Android", "StoryTellerTemplate\StoryTellerTemplate.Android\StoryTellerTemplate.Android.csproj", "{75281EA6-4877-4FA1-87EC-9CBACCCDDC20}"
EndProject
Project("{2150E333-8FDC-42A3-9474-1A3956D46DE8}") = "1 - Domain", "1 - Domain", "{F71E36B7-5268-42D1-A9E9-E8A03E0701AE}"
EndProject
Project("{9A19103F-16F7-4668-BE54-9A1E7A4F7556}") = "StoryTeller.Core", "StoryTeller.Core\StoryTeller.Core.csproj", "{EDC6C821-BD72-45FE-A1DF-4453F90A5F5C}"
EndProject
Project("{2150E333-8FDC-42A3-9474-1A3956D46DE8}") = "2 - Infra", "2 - Infra", "{8133B14F-127B-484E-9597-469BF4BA411F}"
EndProject
Project("{2150E333-8FDC-42A3-9474-1A3956D46DE8}") = "2.1 - CrossCutting", "2.1 - CrossCutting", "{A59A77FB-B3B5-4509-AEC4-2D1BA1EEC260}"
EndProject
Project("{2150E333-8FDC-42A3-9474-1A3956D46DE8}") = "2.2 - Data", "2.2 - Data", "{7D9525F8-14C4-4C1A-8F00-F982058CB799}"
EndProject
Project("{9A19103F-16F7-4668-BE54-9A1E7A4F7556}") = "StoryTeller.ExternalData", "StoryTeller.ExternalData\StoryTeller.ExternalData.csproj", "{261094D2-D2F2-4339-A8AF-B0D2E0211EFB}"
EndProject
Project("{9A19103F-16F7-4668-BE54-9A1E7A4F7556}") = "StoryTeller.Extensions", "StoryTeller.Extensions\StoryTeller.Extensions.csproj", "{8ADBFC18-ECA9-4AB4-ACBE-404B244F42EA}"
EndProject
Project("{9A19103F-16F7-4668-BE54-9A1E7A4F7556}") = "StoryTeller.CrossCutting.Disposable", "StoryTeller.CrossCutting.Disposable\StoryTeller.CrossCutting.Disposable.csproj", "{DB1194FF-6259-4BCF-8B7A-F8BCF28115B5}"
EndProject
Project("{9A19103F-16F7-4668-BE54-9A1E7A4F7556}") = "ConsoleTest", "ConsoleTest\ConsoleTest.csproj", "{DDE4A2CB-A865-424D-AE3C-F0CA6BD0B11E}"
EndProject
Project("{FAE04EC0-301F-11D3-BF4B-00C04F79EFBC}") = "StoryTeller.IoC", "StoryTeller.IoC\StoryTeller.IoC.csproj", "{A81395AC-4365-46D5-81D3-30810115DE9D}"
EndProject
Global
	GlobalSection(SolutionConfigurationPlatforms) = preSolution
		Debug|Any CPU = Debug|Any CPU
		Release|Any CPU = Release|Any CPU
	EndGlobalSection
	GlobalSection(ProjectConfigurationPlatforms) = postSolution
		{EC53BC34-1746-465C-8898-F2D3EAAA96EB}.Debug|Any CPU.ActiveCfg = Debug|Any CPU
		{EC53BC34-1746-465C-8898-F2D3EAAA96EB}.Debug|Any CPU.Build.0 = Debug|Any CPU
		{EC53BC34-1746-465C-8898-F2D3EAAA96EB}.Release|Any CPU.ActiveCfg = Release|Any CPU
		{EC53BC34-1746-465C-8898-F2D3EAAA96EB}.Release|Any CPU.Build.0 = Release|Any CPU
		{75281EA6-4877-4FA1-87EC-9CBACCCDDC20}.Debug|Any CPU.ActiveCfg = Debug|Any CPU
		{75281EA6-4877-4FA1-87EC-9CBACCCDDC20}.Debug|Any CPU.Build.0 = Debug|Any CPU
		{75281EA6-4877-4FA1-87EC-9CBACCCDDC20}.Debug|Any CPU.Deploy.0 = Debug|Any CPU
		{75281EA6-4877-4FA1-87EC-9CBACCCDDC20}.Release|Any CPU.ActiveCfg = Release|Any CPU
		{75281EA6-4877-4FA1-87EC-9CBACCCDDC20}.Release|Any CPU.Build.0 = Release|Any CPU
		{75281EA6-4877-4FA1-87EC-9CBACCCDDC20}.Release|Any CPU.Deploy.0 = Release|Any CPU
		{EDC6C821-BD72-45FE-A1DF-4453F90A5F5C}.Debug|Any CPU.ActiveCfg = Debug|Any CPU
		{EDC6C821-BD72-45FE-A1DF-4453F90A5F5C}.Debug|Any CPU.Build.0 = Debug|Any CPU
		{EDC6C821-BD72-45FE-A1DF-4453F90A5F5C}.Release|Any CPU.ActiveCfg = Release|Any CPU
		{EDC6C821-BD72-45FE-A1DF-4453F90A5F5C}.Release|Any CPU.Build.0 = Release|Any CPU
		{261094D2-D2F2-4339-A8AF-B0D2E0211EFB}.Debug|Any CPU.ActiveCfg = Debug|Any CPU
		{261094D2-D2F2-4339-A8AF-B0D2E0211EFB}.Debug|Any CPU.Build.0 = Debug|Any CPU
		{261094D2-D2F2-4339-A8AF-B0D2E0211EFB}.Release|Any CPU.ActiveCfg = Release|Any CPU
		{261094D2-D2F2-4339-A8AF-B0D2E0211EFB}.Release|Any CPU.Build.0 = Release|Any CPU
		{8ADBFC18-ECA9-4AB4-ACBE-404B244F42EA}.Debug|Any CPU.ActiveCfg = Debug|Any CPU
		{8ADBFC18-ECA9-4AB4-ACBE-404B244F42EA}.Debug|Any CPU.Build.0 = Debug|Any CPU
		{8ADBFC18-ECA9-4AB4-ACBE-404B244F42EA}.Release|Any CPU.ActiveCfg = Release|Any CPU
		{8ADBFC18-ECA9-4AB4-ACBE-404B244F42EA}.Release|Any CPU.Build.0 = Release|Any CPU
		{DB1194FF-6259-4BCF-8B7A-F8BCF28115B5}.Debug|Any CPU.ActiveCfg = Debug|Any CPU
		{DB1194FF-6259-4BCF-8B7A-F8BCF28115B5}.Debug|Any CPU.Build.0 = Debug|Any CPU
		{DB1194FF-6259-4BCF-8B7A-F8BCF28115B5}.Release|Any CPU.ActiveCfg = Release|Any CPU
		{DB1194FF-6259-4BCF-8B7A-F8BCF28115B5}.Release|Any CPU.Build.0 = Release|Any CPU
		{DDE4A2CB-A865-424D-AE3C-F0CA6BD0B11E}.Debug|Any CPU.ActiveCfg = Debug|Any CPU
		{DDE4A2CB-A865-424D-AE3C-F0CA6BD0B11E}.Debug|Any CPU.Build.0 = Debug|Any CPU
		{DDE4A2CB-A865-424D-AE3C-F0CA6BD0B11E}.Release|Any CPU.ActiveCfg = Release|Any CPU
		{DDE4A2CB-A865-424D-AE3C-F0CA6BD0B11E}.Release|Any CPU.Build.0 = Release|Any CPU
		{A81395AC-4365-46D5-81D3-30810115DE9D}.Debug|Any CPU.ActiveCfg = Debug|Any CPU
		{A81395AC-4365-46D5-81D3-30810115DE9D}.Debug|Any CPU.Build.0 = Debug|Any CPU
		{A81395AC-4365-46D5-81D3-30810115DE9D}.Release|Any CPU.ActiveCfg = Release|Any CPU
		{A81395AC-4365-46D5-81D3-30810115DE9D}.Release|Any CPU.Build.0 = Release|Any CPU
	EndGlobalSection
	GlobalSection(SolutionProperties) = preSolution
		HideSolutionNode = FALSE
	EndGlobalSection
	GlobalSection(NestedProjects) = preSolution
		{EDC6C821-BD72-45FE-A1DF-4453F90A5F5C} = {F71E36B7-5268-42D1-A9E9-E8A03E0701AE}
		{A59A77FB-B3B5-4509-AEC4-2D1BA1EEC260} = {8133B14F-127B-484E-9597-469BF4BA411F}
		{7D9525F8-14C4-4C1A-8F00-F982058CB799} = {8133B14F-127B-484E-9597-469BF4BA411F}
		{261094D2-D2F2-4339-A8AF-B0D2E0211EFB} = {7D9525F8-14C4-4C1A-8F00-F982058CB799}
		{8ADBFC18-ECA9-4AB4-ACBE-404B244F42EA} = {A59A77FB-B3B5-4509-AEC4-2D1BA1EEC260}
		{DB1194FF-6259-4BCF-8B7A-F8BCF28115B5} = {A59A77FB-B3B5-4509-AEC4-2D1BA1EEC260}
		{A81395AC-4365-46D5-81D3-30810115DE9D} = {A59A77FB-B3B5-4509-AEC4-2D1BA1EEC260}
	EndGlobalSection
	GlobalSection(ExtensibilityGlobals) = postSolution
		SolutionGuid = {B79B0C29-4423-4D2C-96A1-5D36060F8272}
	EndGlobalSection
EndGlobal
